
Microsoft Visual Studio Solution File, Format Version 12.00
# Visual Studio 2012
Project("{FAE04EC0-301F-11D3-BF4B-00C04F79EFBC}") = "NightscoutShareServer", "NightscoutShareServer.csproj", "{6CF75E37-12B3-47EF-AAF4-72B947C7E2BA}"
EndProject
Global
	GlobalSection(SolutionConfigurationPlatforms) = preSolution
		Debug|Any CPU = Debug|Any CPU
		Release|Any CPU = Release|Any CPU
	EndGlobalSection
	GlobalSection(ProjectConfigurationPlatforms) = postSolution
		{6CF75E37-12B3-47EF-AAF4-72B947C7E2BA}.Debug|Any CPU.ActiveCfg = Debug|Any CPU
		{6CF75E37-12B3-47EF-AAF4-72B947C7E2BA}.Debug|Any CPU.Build.0 = Debug|Any CPU
		{6CF75E37-12B3-47EF-AAF4-72B947C7E2BA}.Release|Any CPU.ActiveCfg = Release|Any CPU
		{6CF75E37-12B3-47EF-AAF4-72B947C7E2BA}.Release|Any CPU.Build.0 = Release|Any CPU
	EndGlobalSection
EndGlobal
